
Microsoft Visual Studio Solution File, Format Version 12.00
# Visual Studio Version 17
VisualStudioVersion = 17.9.34607.119
MinimumVisualStudioVersion = 10.0.40219.1
Project("{FAE04EC0-301F-11D3-BF4B-00C04F79EFBC}") = "WinFormsApp1", "WinFormsApp1\WinFormsApp1.csproj", "{D8BE30DC-2689-41CC-987F-EE5444D6055E}"
EndProject
Global
	GlobalSection(SolutionConfigurationPlatforms) = preSolution
		Debug|Any CPU = Debug|Any CPU
		Release|Any CPU = Release|Any CPU
	EndGlobalSection
	GlobalSection(ProjectConfigurationPlatforms) = postSolution
		{D8BE30DC-2689-41CC-987F-EE5444D6055E}.Debug|Any CPU.ActiveCfg = Debug|Any CPU
		{D8BE30DC-2689-41CC-987F-EE5444D6055E}.Debug|Any CPU.Build.0 = Debug|Any CPU
		{D8BE30DC-2689-41CC-987F-EE5444D6055E}.Release|Any CPU.ActiveCfg = Release|Any CPU
		{D8BE30DC-2689-41CC-987F-EE5444D6055E}.Release|Any CPU.Build.0 = Release|Any CPU
	EndGlobalSection
	GlobalSection(SolutionProperties) = preSolution
		HideSolutionNode = FALSE
	EndGlobalSection
	GlobalSection(ExtensibilityGlobals) = postSolution
		SolutionGuid = {6DD4E107-4B29-4112-8A0B-D681CD868910}
	EndGlobalSection
EndGlobal
